
Microsoft Visual Studio Solution File, Format Version 12.00
# Blend for Visual Studio Version 16
VisualStudioVersion = 16.0.31112.23
MinimumVisualStudioVersion = 10.0.40219.1
Project("{FAE04EC0-301F-11D3-BF4B-00C04F79EFBC}") = "SteamAccount", "SteamAccount.csproj", "{20E98A84-F6F7-472A-A604-82547812C5B5}"
EndProject
Project("{FAE04EC0-301F-11D3-BF4B-00C04F79EFBC}") = "ClassLibrary", "..\ClassLibrary\ClassLibrary.csproj", "{2FC525AC-6955-44C6-8B9A-E204A8451C2D}"
EndProject
Global
	GlobalSection(SolutionConfigurationPlatforms) = preSolution
		Debug|Any CPU = Debug|Any CPU
		Release|Any CPU = Release|Any CPU
	EndGlobalSection
	GlobalSection(ProjectConfigurationPlatforms) = postSolution
		{20E98A84-F6F7-472A-A604-82547812C5B5}.Debug|Any CPU.ActiveCfg = Debug|Any CPU
		{20E98A84-F6F7-472A-A604-82547812C5B5}.Debug|Any CPU.Build.0 = Debug|Any CPU
		{20E98A84-F6F7-472A-A604-82547812C5B5}.Release|Any CPU.ActiveCfg = Release|Any CPU
		{20E98A84-F6F7-472A-A604-82547812C5B5}.Release|Any CPU.Build.0 = Release|Any CPU
		{2FC525AC-6955-44C6-8B9A-E204A8451C2D}.Debug|Any CPU.ActiveCfg = Debug|Any CPU
		{2FC525AC-6955-44C6-8B9A-E204A8451C2D}.Debug|Any CPU.Build.0 = Debug|Any CPU
		{2FC525AC-6955-44C6-8B9A-E204A8451C2D}.Release|Any CPU.ActiveCfg = Release|Any CPU
		{2FC525AC-6955-44C6-8B9A-E204A8451C2D}.Release|Any CPU.Build.0 = Release|Any CPU
	EndGlobalSection
	GlobalSection(SolutionProperties) = preSolution
		HideSolutionNode = FALSE
	EndGlobalSection
	GlobalSection(ExtensibilityGlobals) = postSolution
		SolutionGuid = {91B43457-B48C-4D8A-B683-4580E7C6BE96}
	EndGlobalSection
EndGlobal
