
Microsoft Visual Studio Solution File, Format Version 12.00
# Visual Studio Version 16
VisualStudioVersion = 16.0.31112.23
MinimumVisualStudioVersion = 10.0.40219.1
Project("{FAE04EC0-301F-11D3-BF4B-00C04F79EFBC}") = "ClassLibrary0", "ClassLibrary0.csproj", "{D65284C4-275D-4679-8839-4AD2BDC7955D}"
EndProject
Global
	GlobalSection(SolutionConfigurationPlatforms) = preSolution
		Debug|Any CPU = Debug|Any CPU
		Release|Any CPU = Release|Any CPU
	EndGlobalSection
	GlobalSection(ProjectConfigurationPlatforms) = postSolution
		{D65284C4-275D-4679-8839-4AD2BDC7955D}.Debug|Any CPU.ActiveCfg = Debug|Any CPU
		{D65284C4-275D-4679-8839-4AD2BDC7955D}.Debug|Any CPU.Build.0 = Debug|Any CPU
		{D65284C4-275D-4679-8839-4AD2BDC7955D}.Release|Any CPU.ActiveCfg = Release|Any CPU
		{D65284C4-275D-4679-8839-4AD2BDC7955D}.Release|Any CPU.Build.0 = Release|Any CPU
	EndGlobalSection
	GlobalSection(SolutionProperties) = preSolution
		HideSolutionNode = FALSE
	EndGlobalSection
	GlobalSection(ExtensibilityGlobals) = postSolution
		SolutionGuid = {FC2C4314-697B-4DD2-939E-38735E3CFAE3}
	EndGlobalSection
EndGlobal
